// !$*UTF8*$!
{
	archiveVersion = 1;
	classes = {
	};
	objectVersion = 46;
	objects = {

/* Begin PBXBuildFile section */
		B339188D19A748D8008962F8 /* ZKOperation.m in Sources */ = {isa = PBXBuildFile; fileRef = B339188C19A748D8008962F8 /* ZKOperation.m */; };
		B3F0795C19A20C0E00285039 /* Foundation.framework in Frameworks */ = {isa = PBXBuildFile; fileRef = B3F0795B19A20C0E00285039 /* Foundation.framework */; };
		B3F0795E19A20C0E00285039 /* CoreGraphics.framework in Frameworks */ = {isa = PBXBuildFile; fileRef = B3F0795D19A20C0E00285039 /* CoreGraphics.framework */; };
		B3F0796019A20C0E00285039 /* UIKit.framework in Frameworks */ = {isa = PBXBuildFile; fileRef = B3F0795F19A20C0E00285039 /* UIKit.framework */; };
		B3F0796619A20C0E00285039 /* InfoPlist.strings in Resources */ = {isa = PBXBuildFile; fileRef = B3F0796419A20C0E00285039 /* InfoPlist.strings */; };
		B3F0796819A20C0E00285039 /* main.m in Sources */ = {isa = PBXBuildFile; fileRef = B3F0796719A20C0E00285039 /* main.m */; };
		B3F0796C19A20C0E00285039 /* ZKAppDelegate.m in Sources */ = {isa = PBXBuildFile; fileRef = B3F0796B19A20C0E00285039 /* ZKAppDelegate.m */; };
/* End PBXBuildFile section */

/* Begin PBXFileReference section */
		B339188B19A748D8008962F8 /* ZKOperation.h */ = {isa = PBXFileReference; fileEncoding = 4; lastKnownFileType = sourcecode.c.h; path = ZKOperation.h; sourceTree = "<group>"; };
		B339188C19A748D8008962F8 /* ZKOperation.m */ = {isa = PBXFileReference; fileEncoding = 4; lastKnownFileType = sourcecode.c.objc; path = ZKOperation.m; sourceTree = "<group>"; };
		B3F0795819A20C0E00285039 /* ZKMultiThreading.app */ = {isa = PBXFileReference; explicitFileType = wrapper.application; includeInIndex = 0; path = ZKMultiThreading.app; sourceTree = BUILT_PRODUCTS_DIR; };
		B3F0795B19A20C0E00285039 /* Foundation.framework */ = {isa = PBXFileReference; lastKnownFileType = wrapper.framework; name = Foundation.framework; path = System/Library/Frameworks/Foundation.framework; sourceTree = SDKROOT; };
		B3F0795D19A20C0E00285039 /* CoreGraphics.framework */ = {isa = PBXFileReference; lastKnownFileType = wrapper.framework; name = CoreGraphics.framework; path = System/Library/Frameworks/CoreGraphics.framework; sourceTree = SDKROOT; };
		B3F0795F19A20C0E00285039 /* UIKit.framework */ = {isa = PBXFileReference; lastKnownFileType = wrapper.framework; name = UIKit.framework; path = System/Library/Frameworks/UIKit.framework; sourceTree = SDKROOT; };
		B3F0796319A20C0E00285039 /* ZKMultiThreading-Info.plist */ = {isa = PBXFileReference; lastKnownFileType = text.plist.xml; path = "ZKMultiThreading-Info.plist"; sourceTree = "<group>"; };
		B3F0796519A20C0E00285039 /* en */ = {isa = PBXFileReference; lastKnownFileType = text.plist.strings; name = en; path = en.lproj/InfoPlist.strings; sourceTree = "<group>"; };
		B3F0796719A20C0E00285039 /* main.m */ = {isa = PBXFileReference; lastKnownFileType = sourcecode.c.objc; path = main.m; sourceTree = "<group>"; };
		B3F0796919A20C0E00285039 /* ZKMultiThreading-Prefix.pch */ = {isa = PBXFileReference; lastKnownFileType = sourcecode.c.h; path = "ZKMultiThreading-Prefix.pch"; sourceTree = "<group>"; };
		B3F0796A19A20C0E00285039 /* ZKAppDelegate.h */ = {isa = PBXFileReference; lastKnownFileType = sourcecode.c.h; path = ZKAppDelegate.h; sourceTree = "<group>"; };
		B3F0796B19A20C0E00285039 /* ZKAppDelegate.m */ = {isa = PBXFileReference; lastKnownFileType = sourcecode.c.objc; path = ZKAppDelegate.m; sourceTree = "<group>"; };
/* End PBXFileReference section */

/* Begin PBXFrameworksBuildPhase section */
		B3F0795519A20C0E00285039 /* Frameworks */ = {
			isa = PBXFrameworksBuildPhase;
			buildActionMask = 2147483647;
			files = (
				B3F0795E19A20C0E00285039 /* CoreGraphics.framework in Frameworks */,
				B3F0796019A20C0E00285039 /* UIKit.framework in Frameworks */,
				B3F0795C19A20C0E00285039 /* Foundation.framework in Frameworks */,
			);
			runOnlyForDeploymentPostprocessing = 0;
		};
/* End PBXFrameworksBuildPhase section */

/* Begin PBXGroup section */
		B3F0794F19A20C0E00285039 = {
			isa = PBXGroup;
			children = (
				B3F0796119A20C0E00285039 /* ZKMultiThreading */,
				B3F0795A19A20C0E00285039 /* Frameworks */,
				B3F0795919A20C0E00285039 /* Products */,
			);
			sourceTree = "<group>";
		};
		B3F0795919A20C0E00285039 /* Products */ = {
			isa = PBXGroup;
			children = (
				B3F0795819A20C0E00285039 /* ZKMultiThreading.app */,
			);
			name = Products;
			sourceTree = "<group>";
		};
		B3F0795A19A20C0E00285039 /* Frameworks */ = {
			isa = PBXGroup;
			children = (
				B3F0795B19A20C0E00285039 /* Foundation.framework */,
				B3F0795D19A20C0E00285039 /* CoreGraphics.framework */,
				B3F0795F19A20C0E00285039 /* UIKit.framework */,
			);
			name = Frameworks;
			sourceTree = "<group>";
		};
		B3F0796119A20C0E00285039 /* ZKMultiThreading */ = {
			isa = PBXGroup;
			children = (
				B3F0796A19A20C0E00285039 /* ZKAppDelegate.h */,
				B3F0796B19A20C0E00285039 /* ZKAppDelegate.m */,
				B339188B19A748D8008962F8 /* ZKOperation.h */,
				B339188C19A748D8008962F8 /* ZKOperation.m */,
				B3F0796219A20C0E00285039 /* Supporting Files */,
			);
			path = ZKMultiThreading;
			sourceTree = "<group>";
		};
		B3F0796219A20C0E00285039 /* Supporting Files */ = {
			isa = PBXGroup;
			children = (
				B3F0796319A20C0E00285039 /* ZKMultiThreading-Info.plist */,
				B3F0796419A20C0E00285039 /* InfoPlist.strings */,
				B3F0796719A20C0E00285039 /* main.m */,
				B3F0796919A20C0E00285039 /* ZKMultiThreading-Prefix.pch */,
			);
			name = "Supporting Files";
			sourceTree = "<group>";
		};
/* End PBXGroup section */

/* Begin PBXNativeTarget section */
		B3F0795719A20C0E00285039 /* ZKMultiThreading */ = {
			isa = PBXNativeTarget;
			buildConfigurationList = B3F0798419A20C0F00285039 /* Build configuration list for PBXNativeTarget "ZKMultiThreading" */;
			buildPhases = (
				B3F0795419A20C0E00285039 /* Sources */,
				B3F0795519A20C0E00285039 /* Frameworks */,
				B3F0795619A20C0E00285039 /* Resources */,
			);
			buildRules = (
			);
			dependencies = (
			);
			name = ZKMultiThreading;
			productName = ZKMultiThreading;
			productReference = B3F0795819A20C0E00285039 /* ZKMultiThreading.app */;
			productType = "com.apple.product-type.application";
		};
/* End PBXNativeTarget section */

/* Begin PBXProject section */
		B3F0795019A20C0E00285039 /* Project object */ = {
			isa = PBXProject;
			attributes = {
				CLASSPREFIX = iBOC;
				LastUpgradeCheck = 0510;
				ORGANIZATIONNAME = Barclays;
			};
			buildConfigurationList = B3F0795319A20C0E00285039 /* Build configuration list for PBXProject "ZKMultiThreading" */;
			compatibilityVersion = "Xcode 3.2";
			developmentRegion = English;
			hasScannedForEncodings = 0;
			knownRegions = (
				en,
			);
			mainGroup = B3F0794F19A20C0E00285039;
			productRefGroup = B3F0795919A20C0E00285039 /* Products */;
			projectDirPath = "";
			projectRoot = "";
			targets = (
				B3F0795719A20C0E00285039 /* ZKMultiThreading */,
			);
		};
/* End PBXProject section */

/* Begin PBXResourcesBuildPhase section */
		B3F0795619A20C0E00285039 /* Resources */ = {
			isa = PBXResourcesBuildPhase;
			buildActionMask = 2147483647;
			files = (
				B3F0796619A20C0E00285039 /* InfoPlist.strings in Resources */,
			);
			runOnlyForDeploymentPostprocessing = 0;
		};
/* End PBXResourcesBuildPhase section */

/* Begin PBXSourcesBuildPhase section */
		B3F0795419A20C0E00285039 /* Sources */ = {
			isa = PBXSourcesBuildPhase;
			buildActionMask = 2147483647;
			files = (
				B3F0796819A20C0E00285039 /* main.m in Sources */,
				B3F0796C19A20C0E00285039 /* ZKAppDelegate.m in Sources */,
				B339188D19A748D8008962F8 /* ZKOperation.m in Sources */,
			);
			runOnlyForDeploymentPostprocessing = 0;
		};
/* End PBXSourcesBuildPhase section */

/* Begin PBXVariantGroup section */
		B3F0796419A20C0E00285039 /* InfoPlist.strings */ = {
			isa = PBXVariantGroup;
			children = (
				B3F0796519A20C0E00285039 /* en */,
			);
			name = InfoPlist.strings;
			sourceTree = "<group>";
		};
/* End PBXVariantGroup section */

/* Begin XCBuildConfiguration section */
		B3F0798219A20C0F00285039 /* Debug */ = {
			isa = XCBuildConfiguration;
			buildSettings = {
				ALWAYS_SEARCH_USER_PATHS = NO;
				CLANG_CXX_LANGUAGE_STANDARD = "gnu++0x";
				CLANG_CXX_LIBRARY = "libc++";
				CLANG_ENABLE_MODULES = YES;
				CLANG_ENABLE_OBJC_ARC = YES;
				CLANG_WARN_BOOL_CONVERSION = YES;
				CLANG_WARN_CONSTANT_CONVERSION = YES;
				CLANG_WARN_DIRECT_OBJC_ISA_USAGE = YES_ERROR;
				CLANG_WARN_EMPTY_BODY = YES;
				CLANG_WARN_ENUM_CONVERSION = YES;
				CLANG_WARN_INT_CONVERSION = YES;
				CLANG_WARN_OBJC_ROOT_CLASS = YES_ERROR;
				CLANG_WARN__DUPLICATE_METHOD_MATCH = YES;
				"CODE_SIGN_IDENTITY[sdk=iphoneos*]" = "iPhone Developer";
				COPY_PHASE_STRIP = NO;
				GCC_C_LANGUAGE_STANDARD = gnu99;
				GCC_DYNAMIC_NO_PIC = NO;
				GCC_OPTIMIZATION_LEVEL = 0;
				GCC_PREPROCESSOR_DEFINITIONS = (
					"DEBUG=1",
					"$(inherited)",
				);
				GCC_SYMBOLS_PRIVATE_EXTERN = NO;
				GCC_WARN_64_TO_32_BIT_CONVERSION = YES;
				GCC_WARN_ABOUT_RETURN_TYPE = YES_ERROR;
				GCC_WARN_UNDECLARED_SELECTOR = YES;
				GCC_WARN_UNINITIALIZED_AUTOS = YES_AGGRESSIVE;
				GCC_WARN_UNUSED_FUNCTION = YES;
				GCC_WARN_UNUSED_VARIABLE = YES;
				IPHONEOS_DEPLOYMENT_TARGET = 7.1;
				ONLY_ACTIVE_ARCH = YES;
				SDKROOT = iphoneos;
			};
			name = Debug;
		};
		B3F0798319A20C0F00285039 /* Release */ = {
			isa = XCBuildConfiguration;
			buildSettings = {
				ALWAYS_SEARCH_USER_PATHS = NO;
				CLANG_CXX_LANGUAGE_STANDARD = "gnu++0x";
				CLANG_CXX_LIBRARY = "libc++";
				CLANG_ENABLE_MODULES = YES;
				CLANG_ENABLE_OBJC_ARC = YES;
				CLANG_WARN_BOOL_CONVERSION = YES;
				CLANG_WARN_CONSTANT_CONVERSION = YES;
				CLANG_WARN_DIRECT_OBJC_ISA_USAGE = YES_ERROR;
				CLANG_WARN_EMPTY_BODY = YES;
				CLANG_WARN_ENUM_CONVERSION = YES;
				CLANG_WARN_INT_CONVERSION = YES;
				CLANG_WARN_OBJC_ROOT_CLASS = YES_ERROR;
				CLANG_WARN__DUPLICATE_METHOD_MATCH = YES;
				"CODE_SIGN_IDENTITY[sdk=iphoneos*]" = "iPhone Developer";
				COPY_PHASE_STRIP = YES;
				ENABLE_NS_ASSERTIONS = NO;
				GCC_C_LANGUAGE_STANDARD = gnu99;
				GCC_WARN_64_TO_32_BIT_CONVERSION = YES;
				GCC_WARN_ABOUT_RETURN_TYPE = YES_ERROR;
				GCC_WARN_UNDECLARED_SELECTOR = YES;
				GCC_WARN_UNINITIALIZED_AUTOS = YES_AGGRESSIVE;
				GCC_WARN_UNUSED_FUNCTION = YES;
				GCC_WARN_UNUSED_VARIABLE = YES;
				IPHONEOS_DEPLOYMENT_TARGET = 7.1;
				SDKROOT = iphoneos;
				VALIDATE_PRODUCT = YES;
			};
			name = Release;
		};
		B3F0798519A20C0F00285039 /* Debug */ = {
			isa = XCBuildConfiguration;
			buildSettings = {
				ASSETCATALOG_COMPILER_APPICON_NAME = AppIcon;
				ASSETCATALOG_COMPILER_LAUNCHIMAGE_NAME = LaunchImage;
				CLANG_ENABLE_OBJC_ARC = NO;
				GCC_PRECOMPILE_PREFIX_HEADER = YES;
				GCC_PREFIX_HEADER = "ZKMultiThreading/ZKMultiThreading-Prefix.pch";
				INFOPLIST_FILE = "ZKMultiThreading/ZKMultiThreading-Info.plist";
				PRODUCT_NAME = "$(TARGET_NAME)";
				WRAPPER_EXTENSION = app;
			};
			name = Debug;
		};
		B3F0798619A20C0F00285039 /* Release */ = {
			isa = XCBuildConfiguration;
			buildSettings = {
				ASSETCATALOG_COMPILER_APPICON_NAME = AppIcon;
				ASSETCATALOG_COMPILER_LAUNCHIMAGE_NAME = LaunchImage;
				CLANG_ENABLE_OBJC_ARC = NO;
				GCC_PRECOMPILE_PREFIX_HEADER = YES;
				GCC_PREFIX_HEADER = "ZKMultiThreading/ZKMultiThreading-Prefix.pch";
				INFOPLIST_FILE = "ZKMultiThreading/ZKMultiThreading-Info.plist";
				PRODUCT_NAME = "$(TARGET_NAME)";
				WRAPPER_EXTENSION = app;
			};
			name = Release;
		};
/* End XCBuildConfiguration section */

/* Begin XCConfigurationList section */
		B3F0795319A20C0E00285039 /* Build configuration list for PBXProject "ZKMultiThreading" */ = {
			isa = XCConfigurationList;
			buildConfigurations = (
				B3F0798219A20C0F00285039 /* Debug */,
				B3F0798319A20C0F00285039 /* Release */,
			);
			defaultConfigurationIsVisible = 0;
			defaultConfigurationName = Release;
		};
		B3F0798419A20C0F00285039 /* Build configuration list for PBXNativeTarget "ZKMultiThreading" */ = {
			isa = XCConfigurationList;
			buildConfigurations = (
				B3F0798519A20C0F00285039 /* Debug */,
				B3F0798619A20C0F00285039 /* Release */,
			);
			defaultConfigurationIsVisible = 0;
			defaultConfigurationName = Release;
		};
/* End XCConfigurationList section */
	};
	rootObject = B3F0795019A20C0E00285039 /* Project object */;
}
